
Microsoft Visual Studio Solution File, Format Version 12.00
# Visual Studio Version 16
VisualStudioVersion = 16.0.32510.428
MinimumVisualStudioVersion = 10.0.40219.1
Project("{8BC9CEB8-8B4A-11D0-8D11-00A0C91BC942}") = "Snake_Game", "Snake_Game\Snake_Game.vcxproj", "{21004539-C648-4FEF-89FA-FCD43366F46D}"
EndProject
Global
	GlobalSection(SolutionConfigurationPlatforms) = preSolution
		Debug|x64 = Debug|x64
		Debug|x86 = Debug|x86
		Release|x64 = Release|x64
		Release|x86 = Release|x86
	EndGlobalSection
	GlobalSection(ProjectConfigurationPlatforms) = postSolution
		{21004539-C648-4FEF-89FA-FCD43366F46D}.Debug|x64.ActiveCfg = Debug|x64
		{21004539-C648-4FEF-89FA-FCD43366F46D}.Debug|x64.Build.0 = Debug|x64
		{21004539-C648-4FEF-89FA-FCD43366F46D}.Debug|x86.ActiveCfg = Debug|Win32
		{21004539-C648-4FEF-89FA-FCD43366F46D}.Debug|x86.Build.0 = Debug|Win32
		{21004539-C648-4FEF-89FA-FCD43366F46D}.Release|x64.ActiveCfg = Release|x64
		{21004539-C648-4FEF-89FA-FCD43366F46D}.Release|x64.Build.0 = Release|x64
		{21004539-C648-4FEF-89FA-FCD43366F46D}.Release|x86.ActiveCfg = Release|Win32
		{21004539-C648-4FEF-89FA-FCD43366F46D}.Release|x86.Build.0 = Release|Win32
	EndGlobalSection
	GlobalSection(SolutionProperties) = preSolution
		HideSolutionNode = FALSE
	EndGlobalSection
	GlobalSection(ExtensibilityGlobals) = postSolution
		SolutionGuid = {F7C579E9-6D91-4067-B5EF-E740E85B96D5}
	EndGlobalSection
EndGlobal
